Microsoft Visual Studio Solution File, Format Version 12.00
# Visual Studio Version 17
VisualStudioVersion = 17.5.2.0
MinimumVisualStudioVersion = 10.0.40219.1
Project("{FAE04EC0-301F-11D3-BF4B-00C04F79EFBC}") = "ReverseProxyDemo", "ReverseProxyDemo.csproj", "{540E729E-EE64-1162-117E-5BFA474DD72B}"
EndProject
Global
	GlobalSection(SolutionConfigurationPlatforms) = preSolution
		Debug|Any CPU = Debug|Any CPU
		Release|Any CPU = Release|Any CPU
	EndGlobalSection
	GlobalSection(ProjectConfigurationPlatforms) = postSolution
		{540E729E-EE64-1162-117E-5BFA474DD72B}.Debug|Any CPU.ActiveCfg = Debug|Any CPU
		{540E729E-EE64-1162-117E-5BFA474DD72B}.Debug|Any CPU.Build.0 = Debug|Any CPU
		{540E729E-EE64-1162-117E-5BFA474DD72B}.Release|Any CPU.ActiveCfg = Release|Any CPU
		{540E729E-EE64-1162-117E-5BFA474DD72B}.Release|Any CPU.Build.0 = Release|Any CPU
	EndGlobalSection
	GlobalSection(SolutionProperties) = preSolution
		HideSolutionNode = FALSE
	EndGlobalSection
	GlobalSection(ExtensibilityGlobals) = postSolution
		SolutionGuid = {5916D0B7-7ECB-4D16-886C-1699EFE5AF59}
	EndGlobalSection
EndGlobal
